Microsoft Visual Studio Solution File, Format Version 12.00
# Visual Studio Version 17
VisualStudioVersion = 17.5.2.0
MinimumVisualStudioVersion = 10.0.40219.1
Project("{FAE04EC0-301F-11D3-BF4B-00C04F79EFBC}") = "Tests", "Tests.csproj", "{2129A3AB-DC3C-F26A-5D24-037F9D5937E6}"
EndProject
Global
	GlobalSection(SolutionConfigurationPlatforms) = preSolution
		Debug|Any CPU = Debug|Any CPU
		Release|Any CPU = Release|Any CPU
	EndGlobalSection
	GlobalSection(ProjectConfigurationPlatforms) = postSolution
		{2129A3AB-DC3C-F26A-5D24-037F9D5937E6}.Debug|Any CPU.ActiveCfg = Debug|Any CPU
		{2129A3AB-DC3C-F26A-5D24-037F9D5937E6}.Debug|Any CPU.Build.0 = Debug|Any CPU
		{2129A3AB-DC3C-F26A-5D24-037F9D5937E6}.Release|Any CPU.ActiveCfg = Release|Any CPU
		{2129A3AB-DC3C-F26A-5D24-037F9D5937E6}.Release|Any CPU.Build.0 = Release|Any CPU
	EndGlobalSection
	GlobalSection(SolutionProperties) = preSolution
		HideSolutionNode = FALSE
	EndGlobalSection
	GlobalSection(ExtensibilityGlobals) = postSolution
		SolutionGuid = {257A2BFE-0860-4CB1-A585-38057E42344D}
	EndGlobalSection
EndGlobal
